// !$*UTF8*$!
{
	archiveVersion = 1;
	classes = {
	};
	objectVersion = 56;
	objects = {

/* Begin PBXBuildFile section */
		CE371BCA28DB930100458FFD /* LinkedinCloneApp.swift in Sources */ = {isa = PBXBuildFile; fileRef = CE371BC928DB930100458FFD /* LinkedinCloneApp.swift */; };
		CE371BCC28DB930100458FFD /* ContentView.swift in Sources */ = {isa = PBXBuildFile; fileRef = CE371BCB28DB930100458FFD /* ContentView.swift */; };
		CE371BCE28DB930200458FFD /* Assets.xcassets in Resources */ = {isa = PBXBuildFile; fileRef = CE371BCD28DB930200458FFD /* Assets.xcassets */; };
		CE371BD128DB930200458FFD /* Preview Assets.xcassets in Resources */ = {isa = PBXBuildFile; fileRef = CE371BD028DB930200458FFD /* Preview Assets.xcassets */; };
		CE371BD928DB94BB00458FFD /* SearchBarView.swift in Sources */ = {isa = PBXBuildFile; fileRef = CE371BD828DB94BB00458FFD /* SearchBarView.swift */; };
		CE6E003528DED7620079F5C0 /* ProfileAndPostView.swift in Sources */ = {isa = PBXBuildFile; fileRef = CE6E003428DED7620079F5C0 /* ProfileAndPostView.swift */; };
		CE6E003728DEE1B80079F5C0 /* HomeScreen.swift in Sources */ = {isa = PBXBuildFile; fileRef = CE6E003628DEE1B80079F5C0 /* HomeScreen.swift */; };
		CE6E003928DEE2A20079F5C0 /* TabView.swift in Sources */ = {isa = PBXBuildFile; fileRef = CE6E003828DEE2A20079F5C0 /* TabView.swift */; };
		CED6609D28DC3B4500C70FF0 /* PostModel.swift in Sources */ = {isa = PBXBuildFile; fileRef = CED6609C28DC3B4500C70FF0 /* PostModel.swift */; };
		CED6609F28DC40DC00C70FF0 /* NetworkModel.swift in Sources */ = {isa = PBXBuildFile; fileRef = CED6609E28DC40DC00C70FF0 /* NetworkModel.swift */; };
		CED660A128DC449600C70FF0 /* InvitationView.swift in Sources */ = {isa = PBXBuildFile; fileRef = CED660A028DC449600C70FF0 /* InvitationView.swift */; };
		CED660A328DC77B900C70FF0 /* MyNetworkScreen.swift in Sources */ = {isa = PBXBuildFile; fileRef = CED660A228DC77B900C70FF0 /* MyNetworkScreen.swift */; };
		CED660A528DCADB100C70FF0 /* PostCardView.swift in Sources */ = {isa = PBXBuildFile; fileRef = CED660A428DCADB100C70FF0 /* PostCardView.swift */; };
		CED660A728DCE50900C70FF0 /* PostView.swift in Sources */ = {isa = PBXBuildFile; fileRef = CED660A628DCE50900C70FF0 /* PostView.swift */; };
/* End PBXBuildFile section */

/* Begin PBXFileReference section */
		CE371BC628DB930100458FFD /* LinkedinClone.app */ = {isa = PBXFileReference; explicitFileType = wrapper.application; includeInIndex = 0; path = LinkedinClone.app; sourceTree = BUILT_PRODUCTS_DIR; };
		CE371BC928DB930100458FFD /* LinkedinCloneApp.swift */ = {isa = PBXFileReference; lastKnownFileType = sourcecode.swift; path = LinkedinCloneApp.swift; sourceTree = "<group>"; };
		CE371BCB28DB930100458FFD /* ContentView.swift */ = {isa = PBXFileReference; lastKnownFileType = sourcecode.swift; path = ContentView.swift; sourceTree = "<group>"; };
		CE371BCD28DB930200458FFD /* Assets.xcassets */ = {isa = PBXFileReference; lastKnownFileType = folder.assetcatalog; path = Assets.xcassets; sourceTree = "<group>"; };
		CE371BD028DB930200458FFD /* Preview Assets.xcassets */ = {isa = PBXFileReference; lastKnownFileType = folder.assetcatalog; path = "Preview Assets.xcassets"; sourceTree = "<group>"; };
		CE371BD828DB94BB00458FFD /* SearchBarView.swift */ = {isa = PBXFileReference; lastKnownFileType = sourcecode.swift; path = SearchBarView.swift; sourceTree = "<group>"; };
		CE6E003428DED7620079F5C0 /* ProfileAndPostView.swift */ = {isa = PBXFileReference; lastKnownFileType = sourcecode.swift; path = ProfileAndPostView.swift; sourceTree = "<group>"; };
		CE6E003628DEE1B80079F5C0 /* HomeScreen.swift */ = {isa = PBXFileReference; lastKnownFileType = sourcecode.swift; path = HomeScreen.swift; sourceTree = "<group>"; };
		CE6E003828DEE2A20079F5C0 /* TabView.swift */ = {isa = PBXFileReference; lastKnownFileType = sourcecode.swift; path = TabView.swift; sourceTree = "<group>"; };
		CED6609C28DC3B4500C70FF0 /* PostModel.swift */ = {isa = PBXFileReference; lastKnownFileType = sourcecode.swift; path = PostModel.swift; sourceTree = "<group>"; };
		CED6609E28DC40DC00C70FF0 /* NetworkModel.swift */ = {isa = PBXFileReference; lastKnownFileType = sourcecode.swift; path = NetworkModel.swift; sourceTree = "<group>"; };
		CED660A028DC449600C70FF0 /* InvitationView.swift */ = {isa = PBXFileReference; lastKnownFileType = sourcecode.swift; path = InvitationView.swift; sourceTree = "<group>"; };
		CED660A228DC77B900C70FF0 /* MyNetworkScreen.swift */ = {isa = PBXFileReference; lastKnownFileType = sourcecode.swift; path = MyNetworkScreen.swift; sourceTree = "<group>"; };
		CED660A428DCADB100C70FF0 /* PostCardView.swift */ = {isa = PBXFileReference; lastKnownFileType = sourcecode.swift; path = PostCardView.swift; sourceTree = "<group>"; };
		CED660A628DCE50900C70FF0 /* PostView.swift */ = {isa = PBXFileReference; lastKnownFileType = sourcecode.swift; path = PostView.swift; sourceTree = "<group>"; };
/* End PBXFileReference section */

/* Begin PBXFrameworksBuildPhase section */
		CE371BC328DB930100458FFD /* Frameworks */ = {
			isa = PBXFrameworksBuildPhase;
			buildActionMask = 2147483647;
			files = (
			);
			runOnlyForDeploymentPostprocessing = 0;
		};
/* End PBXFrameworksBuildPhase section */

/* Begin PBXGroup section */
		CE371BBD28DB930100458FFD = {
			isa = PBXGroup;
			children = (
				CE371BC828DB930100458FFD /* LinkedinClone */,
				CE371BC728DB930100458FFD /* Products */,
			);
			sourceTree = "<group>";
		};
		CE371BC728DB930100458FFD /* Products */ = {
			isa = PBXGroup;
			children = (
				CE371BC628DB930100458FFD /* LinkedinClone.app */,
			);
			name = Products;
			sourceTree = "<group>";
		};
		CE371BC828DB930100458FFD /* LinkedinClone */ = {
			isa = PBXGroup;
			children = (
				CED6609B28DC3B2B00C70FF0 /* Model */,
				CE371BD728DB94A800458FFD /* Views */,
				CE371BC928DB930100458FFD /* LinkedinCloneApp.swift */,
				CE371BCB28DB930100458FFD /* ContentView.swift */,
				CE371BCD28DB930200458FFD /* Assets.xcassets */,
				CE371BCF28DB930200458FFD /* Preview Content */,
			);
			path = LinkedinClone;
			sourceTree = "<group>";
		};
		CE371BCF28DB930200458FFD /* Preview Content */ = {
			isa = PBXGroup;
			children = (
				CE371BD028DB930200458FFD /* Preview Assets.xcassets */,
			);
			path = "Preview Content";
			sourceTree = "<group>";
		};
		CE371BD728DB94A800458FFD /* Views */ = {
			isa = PBXGroup;
			children = (
				CE371BD828DB94BB00458FFD /* SearchBarView.swift */,
				CED660A028DC449600C70FF0 /* InvitationView.swift */,
				CED660A228DC77B900C70FF0 /* MyNetworkScreen.swift */,
				CED660A428DCADB100C70FF0 /* PostCardView.swift */,
				CED660A628DCE50900C70FF0 /* PostView.swift */,
				CE6E003428DED7620079F5C0 /* ProfileAndPostView.swift */,
				CE6E003628DEE1B80079F5C0 /* HomeScreen.swift */,
				CE6E003828DEE2A20079F5C0 /* TabView.swift */,
			);
			path = Views;
			sourceTree = "<group>";
		};
		CED6609B28DC3B2B00C70FF0 /* Model */ = {
			isa = PBXGroup;
			children = (
				CED6609C28DC3B4500C70FF0 /* PostModel.swift */,
				CED6609E28DC40DC00C70FF0 /* NetworkModel.swift */,
			);
			path = Model;
			sourceTree = "<group>";
		};
/* End PBXGroup section */

/* Begin PBXNativeTarget section */
		CE371BC528DB930100458FFD /* LinkedinClone */ = {
			isa = PBXNativeTarget;
			buildConfigurationList = CE371BD428DB930200458FFD /* Build configuration list for PBXNativeTarget "LinkedinClone" */;
			buildPhases = (
				CE371BC228DB930100458FFD /* Sources */,
				CE371BC328DB930100458FFD /* Frameworks */,
				CE371BC428DB930100458FFD /* Resources */,
			);
			buildRules = (
			);
			dependencies = (
			);
			name = LinkedinClone;
			productName = LinkedinClone;
			productReference = CE371BC628DB930100458FFD /* LinkedinClone.app */;
			productType = "com.apple.product-type.application";
		};
/* End PBXNativeTarget section */

/* Begin PBXProject section */
		CE371BBE28DB930100458FFD /* Project object */ = {
			isa = PBXProject;
			attributes = {
				BuildIndependentTargetsInParallel = 1;
				LastSwiftUpdateCheck = 1400;
				LastUpgradeCheck = 1400;
				TargetAttributes = {
					CE371BC528DB930100458FFD = {
						CreatedOnToolsVersion = 14.0;
					};
				};
			};
			buildConfigurationList = CE371BC128DB930100458FFD /* Build configuration list for PBXProject "LinkedinClone" */;
			compatibilityVersion = "Xcode 14.0";
			developmentRegion = en;
			hasScannedForEncodings = 0;
			knownRegions = (
				en,
				Base,
			);
			mainGroup = CE371BBD28DB930100458FFD;
			productRefGroup = CE371BC728DB930100458FFD /* Products */;
			projectDirPath = "";
			projectRoot = "";
			targets = (
				CE371BC528DB930100458FFD /* LinkedinClone */,
			);
		};
/* End PBXProject section */

/* Begin PBXResourcesBuildPhase section */
		CE371BC428DB930100458FFD /* Resources */ = {
			isa = PBXResourcesBuildPhase;
			buildActionMask = 2147483647;
			files = (
				CE371BD128DB930200458FFD /* Preview Assets.xcassets in Resources */,
				CE371BCE28DB930200458FFD /* Assets.xcassets in Resources */,
			);
			runOnlyForDeploymentPostprocessing = 0;
		};
/* End PBXResourcesBuildPhase section */

/* Begin PBXSourcesBuildPhase section */
		CE371BC228DB930100458FFD /* Sources */ = {
			isa = PBXSourcesBuildPhase;
			buildActionMask = 2147483647;
			files = (
				CED660A528DCADB100C70FF0 /* PostCardView.swift in Sources */,
				CE371BCC28DB930100458FFD /* ContentView.swift in Sources */,
				CED6609D28DC3B4500C70FF0 /* PostModel.swift in Sources */,
				CE371BD928DB94BB00458FFD /* SearchBarView.swift in Sources */,
				CE6E003728DEE1B80079F5C0 /* HomeScreen.swift in Sources */,
				CED6609F28DC40DC00C70FF0 /* NetworkModel.swift in Sources */,
				CE371BCA28DB930100458FFD /* LinkedinCloneApp.swift in Sources */,
				CE6E003528DED7620079F5C0 /* ProfileAndPostView.swift in Sources */,
				CED660A128DC449600C70FF0 /* InvitationView.swift in Sources */,
				CED660A728DCE50900C70FF0 /* PostView.swift in Sources */,
				CE6E003928DEE2A20079F5C0 /* TabView.swift in Sources */,
				CED660A328DC77B900C70FF0 /* MyNetworkScreen.swift in Sources */,
			);
			runOnlyForDeploymentPostprocessing = 0;
		};
/* End PBXSourcesBuildPhase section */

/* Begin XCBuildConfiguration section */
		CE371BD228DB930200458FFD /* Debug */ = {
			isa = XCBuildConfiguration;
			buildSettings = {
				ALWAYS_SEARCH_USER_PATHS = NO;
				CLANG_ANALYZER_NONNULL = YES;
				CLANG_ANALYZER_NUMBER_OBJECT_CONVERSION = YES_AGGRESSIVE;
				CLANG_CXX_LANGUAGE_STANDARD = "gnu++20";
				CLANG_ENABLE_MODULES = YES;
				CLANG_ENABLE_OBJC_ARC = YES;
				CLANG_ENABLE_OBJC_WEAK = YES;
				CLANG_WARN_BLOCK_CAPTURE_AUTORELEASING = YES;
				CLANG_WARN_BOOL_CONVERSION = YES;
				CLANG_WARN_COMMA = YES;
				CLANG_WARN_CONSTANT_CONVERSION = YES;
				CLANG_WARN_DEPRECATED_OBJC_IMPLEMENTATIONS = YES;
				CLANG_WARN_DIRECT_OBJC_ISA_USAGE = YES_ERROR;
				CLANG_WARN_DOCUMENTATION_COMMENTS = YES;
				CLANG_WARN_EMPTY_BODY = YES;
				CLANG_WARN_ENUM_CONVERSION = YES;
				CLANG_WARN_INFINITE_RECURSION = YES;
				CLANG_WARN_INT_CONVERSION = YES;
				CLANG_WARN_NON_LITERAL_NULL_CONVERSION = YES;
				CLANG_WARN_OBJC_IMPLICIT_RETAIN_SELF = YES;
				CLANG_WARN_OBJC_LITERAL_CONVERSION = YES;
				CLANG_WARN_OBJC_ROOT_CLASS = YES_ERROR;
				CLANG_WARN_QUOTED_INCLUDE_IN_FRAMEWORK_HEADER = YES;
				CLANG_WARN_RANGE_LOOP_ANALYSIS = YES;
				CLANG_WARN_STRICT_PROTOTYPES = YES;
				CLANG_WARN_SUSPICIOUS_MOVE = YES;
				CLANG_WARN_UNGUARDED_AVAILABILITY = YES_AGGRESSIVE;
				CLANG_WARN_UNREACHABLE_CODE = YES;
				CLANG_WARN__DUPLICATE_METHOD_MATCH = YES;
				COPY_PHASE_STRIP = NO;
				DEBUG_INFORMATION_FORMAT = dwarf;
				ENABLE_STRICT_OBJC_MSGSEND = YES;
				ENABLE_TESTABILITY = YES;
				GCC_C_LANGUAGE_STANDARD = gnu11;
				GCC_DYNAMIC_NO_PIC = NO;
				GCC_NO_COMMON_BLOCKS = YES;
				GCC_OPTIMIZATION_LEVEL = 0;
				GCC_PREPROCESSOR_DEFINITIONS = (
					"DEBUG=1",
					"$(inherited)",
				);
				GCC_WARN_64_TO_32_BIT_CONVERSION = YES;
				GCC_WARN_ABOUT_RETURN_TYPE = YES_ERROR;
				GCC_WARN_UNDECLARED_SELECTOR = YES;
				GCC_WARN_UNINITIALIZED_AUTOS = YES_AGGRESSIVE;
				GCC_WARN_UNUSED_FUNCTION = YES;
				GCC_WARN_UNUSED_VARIABLE = YES;
				IPHONEOS_DEPLOYMENT_TARGET = 16.0;
				MTL_ENABLE_DEBUG_INFO = INCLUDE_SOURCE;
				MTL_FAST_MATH = YES;
				ONLY_ACTIVE_ARCH = YES;
				SDKROOT = iphoneos;
				SWIFT_ACTIVE_COMPILATION_CONDITIONS = DEBUG;
				SWIFT_OPTIMIZATION_LEVEL = "-Onone";
			};
			name = Debug;
		};
		CE371BD328DB930200458FFD /* Release */ = {
			isa = XCBuildConfiguration;
			buildSettings = {
				ALWAYS_SEARCH_USER_PATHS = NO;
				CLANG_ANALYZER_NONNULL = YES;
				CLANG_ANALYZER_NUMBER_OBJECT_CONVERSION = YES_AGGRESSIVE;
				CLANG_CXX_LANGUAGE_STANDARD = "gnu++20";
				CLANG_ENABLE_MODULES = YES;
				CLANG_ENABLE_OBJC_ARC = YES;
				CLANG_ENABLE_OBJC_WEAK = YES;
				CLANG_WARN_BLOCK_CAPTURE_AUTORELEASING = YES;
				CLANG_WARN_BOOL_CONVERSION = YES;
				CLANG_WARN_COMMA = YES;
				CLANG_WARN_CONSTANT_CONVERSION = YES;
				CLANG_WARN_DEPRECATED_OBJC_IMPLEMENTATIONS = YES;
				CLANG_WARN_DIRECT_OBJC_ISA_USAGE = YES_ERROR;
				CLANG_WARN_DOCUMENTATION_COMMENTS = YES;
				CLANG_WARN_EMPTY_BODY = YES;
				CLANG_WARN_ENUM_CONVERSION = YES;
				CLANG_WARN_INFINITE_RECURSION = YES;
				CLANG_WARN_INT_CONVERSION = YES;
				CLANG_WARN_NON_LITERAL_NULL_CONVERSION = YES;
				CLANG_WARN_OBJC_IMPLICIT_RETAIN_SELF = YES;
				CLANG_WARN_OBJC_LITERAL_CONVERSION = YES;
				CLANG_WARN_OBJC_ROOT_CLASS = YES_ERROR;
				CLANG_WARN_QUOTED_INCLUDE_IN_FRAMEWORK_HEADER = YES;
				CLANG_WARN_RANGE_LOOP_ANALYSIS = YES;
				CLANG_WARN_STRICT_PROTOTYPES = YES;
				CLANG_WARN_SUSPICIOUS_MOVE = YES;
				CLANG_WARN_UNGUARDED_AVAILABILITY = YES_AGGRESSIVE;
				CLANG_WARN_UNREACHABLE_CODE = YES;
				CLANG_WARN__DUPLICATE_METHOD_MATCH = YES;
				COPY_PHASE_STRIP = NO;
				DEBUG_INFORMATION_FORMAT = "dwarf-with-dsym";
				ENABLE_NS_ASSERTIONS = NO;
				ENABLE_STRICT_OBJC_MSGSEND = YES;
				GCC_C_LANGUAGE_STANDARD = gnu11;
				GCC_NO_COMMON_BLOCKS = YES;
				GCC_WARN_64_TO_32_BIT_CONVERSION = YES;
				GCC_WARN_ABOUT_RETURN_TYPE = YES_ERROR;
				GCC_WARN_UNDECLARED_SELECTOR = YES;
				GCC_WARN_UNINITIALIZED_AUTOS = YES_AGGRESSIVE;
				GCC_WARN_UNUSED_FUNCTION = YES;
				GCC_WARN_UNUSED_VARIABLE = YES;
				IPHONEOS_DEPLOYMENT_TARGET = 16.0;
				MTL_ENABLE_DEBUG_INFO = NO;
				MTL_FAST_MATH = YES;
				SDKROOT = iphoneos;
				SWIFT_COMPILATION_MODE = wholemodule;
				SWIFT_OPTIMIZATION_LEVEL = "-O";
				VALIDATE_PRODUCT = YES;
			};
			name = Release;
		};
		CE371BD528DB930200458FFD /* Debug */ = {
			isa = XCBuildConfiguration;
			buildSettings = {
				ASSETCATALOG_COMPILER_APPICON_NAME = AppIcon;
				ASSETCATALOG_COMPILER_GLOBAL_ACCENT_COLOR_NAME = AccentColor;
				CODE_SIGN_STYLE = Automatic;
				CURRENT_PROJECT_VERSION = 1;
				DEVELOPMENT_ASSET_PATHS = "\"LinkedinClone/Preview Content\"";
				DEVELOPMENT_TEAM = H5H89C4352;
				ENABLE_PREVIEWS = YES;
				GENERATE_INFOPLIST_FILE = YES;
				INFOPLIST_KEY_UIApplicationSceneManifest_Generation = YES;
				INFOPLIST_KEY_UIApplicationSupportsIndirectInputEvents = YES;
				INFOPLIST_KEY_UILaunchScreen_Generation = YES;
				INFOPLIST_KEY_UISupportedInterfaceOrientations_iPad = "UIInterfaceOrientationPortrait UIInterfaceOrientationPortraitUpsideDown UIInterfaceOrientationLandscapeLeft UIInterfaceOrientationLandscapeRight";
				INFOPLIST_KEY_UISupportedInterfaceOrientations_iPhone = "UIInterfaceOrientationPortrait UIInterfaceOrientationLandscapeLeft UIInterfaceOrientationLandscapeRight";
				LD_RUNPATH_SEARCH_PATHS = (
					"$(inherited)",
					"@executable_path/Frameworks",
				);
				MARKETING_VERSION = 1.0;
				PRODUCT_BUNDLE_IDENTIFIER = com.SumukhAradhya.LinkedinClone;
				PRODUCT_NAME = "$(TARGET_NAME)";
				SWIFT_EMIT_LOC_STRINGS = YES;
				SWIFT_VERSION = 5.0;
				TARGETED_DEVICE_FAMILY = "1,2";
			};
			name = Debug;
		};
		CE371BD628DB930200458FFD /* Release */ = {
			isa = XCBuildConfiguration;
			buildSettings = {
				ASSETCATALOG_COMPILER_APPICON_NAME = AppIcon;
				ASSETCATALOG_COMPILER_GLOBAL_ACCENT_COLOR_NAME = AccentColor;
				CODE_SIGN_STYLE = Automatic;
				CURRENT_PROJECT_VERSION = 1;
				DEVELOPMENT_ASSET_PATHS = "\"LinkedinClone/Preview Content\"";
				DEVELOPMENT_TEAM = H5H89C4352;
				ENABLE_PREVIEWS = YES;
				GENERATE_INFOPLIST_FILE = YES;
				INFOPLIST_KEY_UIApplicationSceneManifest_Generation = YES;
				INFOPLIST_KEY_UIApplicationSupportsIndirectInputEvents = YES;
				INFOPLIST_KEY_UILaunchScreen_Generation = YES;
				INFOPLIST_KEY_UISupportedInterfaceOrientations_iPad = "UIInterfaceOrientationPortrait UIInterfaceOrientationPortraitUpsideDown UIInterfaceOrientationLandscapeLeft UIInterfaceOrientationLandscapeRight";
				INFOPLIST_KEY_UISupportedInterfaceOrientations_iPhone = "UIInterfaceOrientationPortrait UIInterfaceOrientationLandscapeLeft UIInterfaceOrientationLandscapeRight";
				LD_RUNPATH_SEARCH_PATHS = (
					"$(inherited)",
					"@executable_path/Frameworks",
				);
				MARKETING_VERSION = 1.0;
				PRODUCT_BUNDLE_IDENTIFIER = com.SumukhAradhya.LinkedinClone;
				PRODUCT_NAME = "$(TARGET_NAME)";
				SWIFT_EMIT_LOC_STRINGS = YES;
				SWIFT_VERSION = 5.0;
				TARGETED_DEVICE_FAMILY = "1,2";
			};
			name = Release;
		};
/* End XCBuildConfiguration section */

/* Begin XCConfigurationList section */
		CE371BC128DB930100458FFD /* Build configuration list for PBXProject "LinkedinClone" */ = {
			isa = XCConfigurationList;
			buildConfigurations = (
				CE371BD228DB930200458FFD /* Debug */,
				CE371BD328DB930200458FFD /* Release */,
			);
			defaultConfigurationIsVisible = 0;
			defaultConfigurationName = Release;
		};
		CE371BD428DB930200458FFD /* Build configuration list for PBXNativeTarget "LinkedinClone" */ = {
			isa = XCConfigurationList;
			buildConfigurations = (
				CE371BD528DB930200458FFD /* Debug */,
				CE371BD628DB930200458FFD /* Release */,
			);
			defaultConfigurationIsVisible = 0;
			defaultConfigurationName = Release;
		};
/* End XCConfigurationList section */
	};
	rootObject = CE371BBE28DB930100458FFD /* Project object */;
}
